// !$*UTF8*$!
{
	archiveVersion = 1;
	classes = {
	};
	objectVersion = 46;
	objects = {

/* Begin PBXBuildFile section */
		916907241EB60E3B00F9DD40 /* main.m in Sources */ = {isa = PBXBuildFile; fileRef = 916907231EB60E3B00F9DD40 /* main.m */; };
		916907271EB60E3B00F9DD40 /* AppDelegate.m in Sources */ = {isa = PBXBuildFile; fileRef = 916907261EB60E3B00F9DD40 /* AppDelegate.m */; };
		9169072A1EB60E3B00F9DD40 /* ViewController.m in Sources */ = {isa = PBXBuildFile; fileRef = 916907291EB60E3B00F9DD40 /* ViewController.m */; };
		9169072D1EB60E3B00F9DD40 /* Main.storyboard in Resources */ = {isa = PBXBuildFile; fileRef = 9169072B1EB60E3B00F9DD40 /* Main.storyboard */; };
		9169072F1EB60E3B00F9DD40 /* Assets.xcassets in Resources */ = {isa = PBXBuildFile; fileRef = 9169072E1EB60E3B00F9DD40 /* Assets.xcassets */; };
		916907321EB60E3B00F9DD40 /* LaunchScreen.storyboard in Resources */ = {isa = PBXBuildFile; fileRef = 916907301EB60E3B00F9DD40 /* LaunchScreen.storyboard */; };
		9169073B1EB60E4E00F9DD40 /* MapKit.framework in Frameworks */ = {isa = PBXBuildFile; fileRef = 9169073A1EB60E4E00F9DD40 /* MapKit.framework */; };
		91E0C95B1EB7057D00BE304F /* trace.gpx in Resources */ = {isa = PBXBuildFile; fileRef = 91E0C95A1EB7057D00BE304F /* trace.gpx */; };
/* End PBXBuildFile section */

/* Begin PBXFileReference section */
		9169071F1EB60E3B00F9DD40 /* GeoFenceCoupon.app */ = {isa = PBXFileReference; explicitFileType = wrapper.application; includeInIndex = 0; path = GeoFenceCoupon.app; sourceTree = BUILT_PRODUCTS_DIR; };
		916907231EB60E3B00F9DD40 /* main.m */ = {isa = PBXFileReference; lastKnownFileType = sourcecode.c.objc; path = main.m; sourceTree = "<group>"; };
		916907251EB60E3B00F9DD40 /* AppDelegate.h */ = {isa = PBXFileReference; lastKnownFileType = sourcecode.c.h; path = AppDelegate.h; sourceTree = "<group>"; };
		916907261EB60E3B00F9DD40 /* AppDelegate.m */ = {isa = PBXFileReference; lastKnownFileType = sourcecode.c.objc; path = AppDelegate.m; sourceTree = "<group>"; };
		916907281EB60E3B00F9DD40 /* ViewController.h */ = {isa = PBXFileReference; lastKnownFileType = sourcecode.c.h; path = ViewController.h; sourceTree = "<group>"; };
		916907291EB60E3B00F9DD40 /* ViewController.m */ = {isa = PBXFileReference; lastKnownFileType = sourcecode.c.objc; path = ViewController.m; sourceTree = "<group>"; };
		9169072C1EB60E3B00F9DD40 /* Base */ = {isa = PBXFileReference; lastKnownFileType = file.storyboard; name = Base; path = Base.lproj/Main.storyboard; sourceTree = "<group>"; };
		9169072E1EB60E3B00F9DD40 /* Assets.xcassets */ = {isa = PBXFileReference; lastKnownFileType = folder.assetcatalog; path = Assets.xcassets; sourceTree = "<group>"; };
		916907311EB60E3B00F9DD40 /* Base */ = {isa = PBXFileReference; lastKnownFileType = file.storyboard; name = Base; path = Base.lproj/LaunchScreen.storyboard; sourceTree = "<group>"; };
		916907331EB60E3B00F9DD40 /* Info.plist */ = {isa = PBXFileReference; lastKnownFileType = text.plist.xml; path = Info.plist; sourceTree = "<group>"; };
		9169073A1EB60E4E00F9DD40 /* MapKit.framework */ = {isa = PBXFileReference; lastKnownFileType = wrapper.framework; name = MapKit.framework; path = System/Library/Frameworks/MapKit.framework; sourceTree = SDKROOT; };
		91E0C95A1EB7057D00BE304F /* trace.gpx */ = {isa = PBXFileReference; fileEncoding = 4; lastKnownFileType = text.xml; path = trace.gpx; sourceTree = "<group>"; };
/* End PBXFileReference section */

/* Begin PBXFrameworksBuildPhase section */
		9169071C1EB60E3B00F9DD40 /* Frameworks */ = {
			isa = PBXFrameworksBuildPhase;
			buildActionMask = 2147483647;
			files = (
				9169073B1EB60E4E00F9DD40 /* MapKit.framework in Frameworks */,
			);
			runOnlyForDeploymentPostprocessing = 0;
		};
/* End PBXFrameworksBuildPhase section */

/* Begin PBXGroup section */
		916907161EB60E3B00F9DD40 = {
			isa = PBXGroup;
			children = (
				91E0C95A1EB7057D00BE304F /* trace.gpx */,
				916907211EB60E3B00F9DD40 /* GeoFenceCoupon */,
				916907201EB60E3B00F9DD40 /* Products */,
				916907391EB60E4E00F9DD40 /* Frameworks */,
			);
			sourceTree = "<group>";
		};
		916907201EB60E3B00F9DD40 /* Products */ = {
			isa = PBXGroup;
			children = (
				9169071F1EB60E3B00F9DD40 /* GeoFenceCoupon.app */,
			);
			name = Products;
			sourceTree = "<group>";
		};
		916907211EB60E3B00F9DD40 /* GeoFenceCoupon */ = {
			isa = PBXGroup;
			children = (
				916907251EB60E3B00F9DD40 /* AppDelegate.h */,
				916907261EB60E3B00F9DD40 /* AppDelegate.m */,
				916907281EB60E3B00F9DD40 /* ViewController.h */,
				916907291EB60E3B00F9DD40 /* ViewController.m */,
				9169072B1EB60E3B00F9DD40 /* Main.storyboard */,
				9169072E1EB60E3B00F9DD40 /* Assets.xcassets */,
				916907301EB60E3B00F9DD40 /* LaunchScreen.storyboard */,
				916907331EB60E3B00F9DD40 /* Info.plist */,
				916907221EB60E3B00F9DD40 /* Supporting Files */,
			);
			path = GeoFenceCoupon;
			sourceTree = "<group>";
		};
		916907221EB60E3B00F9DD40 /* Supporting Files */ = {
			isa = PBXGroup;
			children = (
				916907231EB60E3B00F9DD40 /* main.m */,
			);
			name = "Supporting Files";
			sourceTree = "<group>";
		};
		916907391EB60E4E00F9DD40 /* Frameworks */ = {
			isa = PBXGroup;
			children = (
				9169073A1EB60E4E00F9DD40 /* MapKit.framework */,
			);
			name = Frameworks;
			sourceTree = "<group>";
		};
/* End PBXGroup section */

/* Begin PBXNativeTarget section */
		9169071E1EB60E3B00F9DD40 /* GeoFenceCoupon */ = {
			isa = PBXNativeTarget;
			buildConfigurationList = 916907361EB60E3B00F9DD40 /* Build configuration list for PBXNativeTarget "GeoFenceCoupon" */;
			buildPhases = (
				9169071B1EB60E3B00F9DD40 /* Sources */,
				9169071C1EB60E3B00F9DD40 /* Frameworks */,
				9169071D1EB60E3B00F9DD40 /* Resources */,
			);
			buildRules = (
			);
			dependencies = (
			);
			name = GeoFenceCoupon;
			productName = GeoFenceCoupon;
			productReference = 9169071F1EB60E3B00F9DD40 /* GeoFenceCoupon.app */;
			productType = "com.apple.product-type.application";
		};
/* End PBXNativeTarget section */

/* Begin PBXProject section */
		916907171EB60E3B00F9DD40 /* Project object */ = {
			isa = PBXProject;
			attributes = {
				LastUpgradeCheck = 0830;
				ORGANIZATIONNAME = alcoderithm;
				TargetAttributes = {
					9169071E1EB60E3B00F9DD40 = {
						CreatedOnToolsVersion = 8.3.2;
						DevelopmentTeam = R869Q8685N;
						ProvisioningStyle = Automatic;
					};
				};
			};
			buildConfigurationList = 9169071A1EB60E3B00F9DD40 /* Build configuration list for PBXProject "GeoFenceCoupon" */;
			compatibilityVersion = "Xcode 3.2";
			developmentRegion = English;
			hasScannedForEncodings = 0;
			knownRegions = (
				en,
				Base,
			);
			mainGroup = 916907161EB60E3B00F9DD40;
			productRefGroup = 916907201EB60E3B00F9DD40 /* Products */;
			projectDirPath = "";
			projectRoot = "";
			targets = (
				9169071E1EB60E3B00F9DD40 /* GeoFenceCoupon */,
			);
		};
/* End PBXProject section */

/* Begin PBXResourcesBuildPhase section */
		9169071D1EB60E3B00F9DD40 /* Resources */ = {
			isa = PBXResourcesBuildPhase;
			buildActionMask = 2147483647;
			files = (
				916907321EB60E3B00F9DD40 /* LaunchScreen.storyboard in Resources */,
				91E0C95B1EB7057D00BE304F /* trace.gpx in Resources */,
				9169072F1EB60E3B00F9DD40 /* Assets.xcassets in Resources */,
				9169072D1EB60E3B00F9DD40 /* Main.storyboard in Resources */,
			);
			runOnlyForDeploymentPostprocessing = 0;
		};
/* End PBXResourcesBuildPhase section */

/* Begin PBXSourcesBuildPhase section */
		9169071B1EB60E3B00F9DD40 /* Sources */ = {
			isa = PBXSourcesBuildPhase;
			buildActionMask = 2147483647;
			files = (
				9169072A1EB60E3B00F9DD40 /* ViewController.m in Sources */,
				916907271EB60E3B00F9DD40 /* AppDelegate.m in Sources */,
				916907241EB60E3B00F9DD40 /* main.m in Sources */,
			);
			runOnlyForDeploymentPostprocessing = 0;
		};
/* End PBXSourcesBuildPhase section */

/* Begin PBXVariantGroup section */
		9169072B1EB60E3B00F9DD40 /* Main.storyboard */ = {
			isa = PBXVariantGroup;
			children = (
				9169072C1EB60E3B00F9DD40 /* Base */,
			);
			name = Main.storyboard;
			sourceTree = "<group>";
		};
		916907301EB60E3B00F9DD40 /* LaunchScreen.storyboard */ = {
			isa = PBXVariantGroup;
			children = (
				916907311EB60E3B00F9DD40 /* Base */,
			);
			name = LaunchScreen.storyboard;
			sourceTree = "<group>";
		};
/* End PBXVariantGroup section */

/* Begin XCBuildConfiguration section */
		916907341EB60E3B00F9DD40 /* Debug */ = {
			isa = XCBuildConfiguration;
			buildSettings = {
				ALWAYS_SEARCH_USER_PATHS = NO;
				CLANG_ANALYZER_NONNULL = YES;
				CLANG_ANALYZER_NUMBER_OBJECT_CONVERSION = YES_AGGRESSIVE;
				CLANG_CXX_LANGUAGE_STANDARD = "gnu++0x";
				CLANG_CXX_LIBRARY = "libc++";
				CLANG_ENABLE_MODULES = YES;
				CLANG_ENABLE_OBJC_ARC = YES;
				CLANG_WARN_BOOL_CONVERSION = YES;
				CLANG_WARN_CONSTANT_CONVERSION = YES;
				CLANG_WARN_DIRECT_OBJC_ISA_USAGE = YES_ERROR;
				CLANG_WARN_DOCUMENTATION_COMMENTS = YES;
				CLANG_WARN_EMPTY_BODY = YES;
				CLANG_WARN_ENUM_CONVERSION = YES;
				CLANG_WARN_INFINITE_RECURSION = YES;
				CLANG_WARN_INT_CONVERSION = YES;
				CLANG_WARN_OBJC_ROOT_CLASS = YES_ERROR;
				CLANG_WARN_SUSPICIOUS_MOVE = YES;
				CLANG_WARN_UNREACHABLE_CODE = YES;
				CLANG_WARN__DUPLICATE_METHOD_MATCH = YES;
				"CODE_SIGN_IDENTITY[sdk=iphoneos*]" = "iPhone Developer";
				COPY_PHASE_STRIP = NO;
				DEBUG_INFORMATION_FORMAT = dwarf;
				ENABLE_STRICT_OBJC_MSGSEND = YES;
				ENABLE_TESTABILITY = YES;
				GCC_C_LANGUAGE_STANDARD = gnu99;
				GCC_DYNAMIC_NO_PIC = NO;
				GCC_NO_COMMON_BLOCKS = YES;
				GCC_OPTIMIZATION_LEVEL = 0;
				GCC_PREPROCESSOR_DEFINITIONS = (
					"DEBUG=1",
					"$(inherited)",
				);
				GCC_WARN_64_TO_32_BIT_CONVERSION = YES;
				GCC_WARN_ABOUT_RETURN_TYPE = YES_ERROR;
				GCC_WARN_UNDECLARED_SELECTOR = YES;
				GCC_WARN_UNINITIALIZED_AUTOS = YES_AGGRESSIVE;
				GCC_WARN_UNUSED_FUNCTION = YES;
				GCC_WARN_UNUSED_VARIABLE = YES;
				IPHONEOS_DEPLOYMENT_TARGET = 10.3;
				MTL_ENABLE_DEBUG_INFO = YES;
				ONLY_ACTIVE_ARCH = YES;
				SDKROOT = iphoneos;
				TARGETED_DEVICE_FAMILY = "1,2";
			};
			name = Debug;
		};
		916907351EB60E3B00F9DD40 /* Release */ = {
			isa = XCBuildConfiguration;
			buildSettings = {
				ALWAYS_SEARCH_USER_PATHS = NO;
				CLANG_ANALYZER_NONNULL = YES;
				CLANG_ANALYZER_NUMBER_OBJECT_CONVERSION = YES_AGGRESSIVE;
				CLANG_CXX_LANGUAGE_STANDARD = "gnu++0x";
				CLANG_CXX_LIBRARY = "libc++";
				CLANG_ENABLE_MODULES = YES;
				CLANG_ENABLE_OBJC_ARC = YES;
				CLANG_WARN_BOOL_CONVERSION = YES;
				CLANG_WARN_CONSTANT_CONVERSION = YES;
				CLANG_WARN_DIRECT_OBJC_ISA_USAGE = YES_ERROR;
				CLANG_WARN_DOCUMENTATION_COMMENTS = YES;
				CLANG_WARN_EMPTY_BODY = YES;
				CLANG_WARN_ENUM_CONVERSION = YES;
				CLANG_WARN_INFINITE_RECURSION = YES;
				CLANG_WARN_INT_CONVERSION = YES;
				CLANG_WARN_OBJC_ROOT_CLASS = YES_ERROR;
				CLANG_WARN_SUSPICIOUS_MOVE = YES;
				CLANG_WARN_UNREACHABLE_CODE = YES;
				CLANG_WARN__DUPLICATE_METHOD_MATCH = YES;
				"CODE_SIGN_IDENTITY[sdk=iphoneos*]" = "iPhone Developer";
				COPY_PHASE_STRIP = NO;
				DEBUG_INFORMATION_FORMAT = "dwarf-with-dsym";
				ENABLE_NS_ASSERTIONS = NO;
				ENABLE_STRICT_OBJC_MSGSEND = YES;
				GCC_C_LANGUAGE_STANDARD = gnu99;
				GCC_NO_COMMON_BLOCKS = YES;
				GCC_WARN_64_TO_32_BIT_CONVERSION = YES;
				GCC_WARN_ABOUT_RETURN_TYPE = YES_ERROR;
				GCC_WARN_UNDECLARED_SELECTOR = YES;
				GCC_WARN_UNINITIALIZED_AUTOS = YES_AGGRESSIVE;
				GCC_WARN_UNUSED_FUNCTION = YES;
				GCC_WARN_UNUSED_VARIABLE = YES;
				IPHONEOS_DEPLOYMENT_TARGET = 10.3;
				MTL_ENABLE_DEBUG_INFO = NO;
				SDKROOT = iphoneos;
				TARGETED_DEVICE_FAMILY = "1,2";
				VALIDATE_PRODUCT = YES;
			};
			name = Release;
		};
		916907371EB60E3B00F9DD40 /* Debug */ = {
			isa = XCBuildConfiguration;
			buildSettings = {
				ASSETCATALOG_COMPILER_APPICON_NAME = AppIcon;
				DEVELOPMENT_TEAM = R869Q8685N;
				INFOPLIST_FILE = GeoFenceCoupon/Info.plist;
				LD_RUNPATH_SEARCH_PATHS = "$(inherited) @executable_path/Frameworks";
				PRODUCT_BUNDLE_IDENTIFIER = com.alcoderithm.GeoFenceCoupon;
				PRODUCT_NAME = "$(TARGET_NAME)";
			};
			name = Debug;
		};
		916907381EB60E3B00F9DD40 /* Release */ = {
			isa = XCBuildConfiguration;
			buildSettings = {
				ASSETCATALOG_COMPILER_APPICON_NAME = AppIcon;
				DEVELOPMENT_TEAM = R869Q8685N;
				INFOPLIST_FILE = GeoFenceCoupon/Info.plist;
				LD_RUNPATH_SEARCH_PATHS = "$(inherited) @executable_path/Frameworks";
				PRODUCT_BUNDLE_IDENTIFIER = com.alcoderithm.GeoFenceCoupon;
				PRODUCT_NAME = "$(TARGET_NAME)";
			};
			name = Release;
		};
/* End XCBuildConfiguration section */

/* Begin XCConfigurationList section */
		9169071A1EB60E3B00F9DD40 /* Build configuration list for PBXProject "GeoFenceCoupon" */ = {
			isa = XCConfigurationList;
			buildConfigurations = (
				916907341EB60E3B00F9DD40 /* Debug */,
				916907351EB60E3B00F9DD40 /* Release */,
			);
			defaultConfigurationIsVisible = 0;
			defaultConfigurationName = Release;
		};
		916907361EB60E3B00F9DD40 /* Build configuration list for PBXNativeTarget "GeoFenceCoupon" */ = {
			isa = XCConfigurationList;
			buildConfigurations = (
				916907371EB60E3B00F9DD40 /* Debug */,
				916907381EB60E3B00F9DD40 /* Release */,
			);
			defaultConfigurationIsVisible = 0;
			defaultConfigurationName = Release;
		};
/* End XCConfigurationList section */
	};
	rootObject = 916907171EB60E3B00F9DD40 /* Project object */;
}
